
Microsoft Visual Studio Solution File, Format Version 12.00
# Visual Studio Version 17
VisualStudioVersion = 17.4.33403.182
MinimumVisualStudioVersion = 10.0.40219.1
Project("{FAE04EC0-301F-11D3-BF4B-00C04F79EFBC}") = "FirstCoreMVCAppGEG2", "FirstCoreMVCAppGEG2\FirstCoreMVCAppGEG2.csproj", "{CCBA76EA-D607-4CAF-95E0-FEA36E230B54}"
EndProject
Global
	GlobalSection(SolutionConfigurationPlatforms) = preSolution
		Debug|Any CPU = Debug|Any CPU
		Release|Any CPU = Release|Any CPU
	EndGlobalSection
	GlobalSection(ProjectConfigurationPlatforms) = postSolution
		{CCBA76EA-D607-4CAF-95E0-FEA36E230B54}.Debug|Any CPU.ActiveCfg = Debug|Any CPU
		{CCBA76EA-D607-4CAF-95E0-FEA36E230B54}.Debug|Any CPU.Build.0 = Debug|Any CPU
		{CCBA76EA-D607-4CAF-95E0-FEA36E230B54}.Release|Any CPU.ActiveCfg = Release|Any CPU
		{CCBA76EA-D607-4CAF-95E0-FEA36E230B54}.Release|Any CPU.Build.0 = Release|Any CPU
	EndGlobalSection
	GlobalSection(SolutionProperties) = preSolution
		HideSolutionNode = FALSE
	EndGlobalSection
	GlobalSection(ExtensibilityGlobals) = postSolution
		SolutionGuid = {B71E137C-258E-4CBA-BCE7-D473E30D92CC}
	EndGlobalSection
EndGlobal
